
Microsoft Visual Studio Solution File, Format Version 12.00
# Visual Studio 15
VisualStudioVersion = 15.0.28307.1738
MinimumVisualStudioVersion = 10.0.40219.1
Project("{FAE04EC0-301F-11D3-BF4B-00C04F79EFBC}") = "AutoServiceApp", "AutoServiceApp\AutoServiceApp.csproj", "{EA8E7A0F-1D96-41C4-8546-AFC90B684624}"
EndProject
Global
	GlobalSection(SolutionConfigurationPlatforms) = preSolution
		Debug|Any CPU = Debug|Any CPU
		Release|Any CPU = Release|Any CPU
	EndGlobalSection
	GlobalSection(ProjectConfigurationPlatforms) = postSolution
		{EA8E7A0F-1D96-41C4-8546-AFC90B684624}.Debug|Any CPU.ActiveCfg = Debug|Any CPU
		{EA8E7A0F-1D96-41C4-8546-AFC90B684624}.Debug|Any CPU.Build.0 = Debug|Any CPU
		{EA8E7A0F-1D96-41C4-8546-AFC90B684624}.Release|Any CPU.ActiveCfg = Release|Any CPU
		{EA8E7A0F-1D96-41C4-8546-AFC90B684624}.Release|Any CPU.Build.0 = Release|Any CPU
	EndGlobalSection
	GlobalSection(SolutionProperties) = preSolution
		HideSolutionNode = FALSE
	EndGlobalSection
	GlobalSection(ExtensibilityGlobals) = postSolution
		SolutionGuid = {8ADD939B-642A-4EF9-9A0B-6025FCC042D3}
	EndGlobalSection
EndGlobal
